
Microsoft Visual Studio Solution File, Format Version 12.00
# Visual Studio Version 16
VisualStudioVersion = 16.0.31729.503
MinimumVisualStudioVersion = 10.0.40219.1
Project("{FAE04EC0-301F-11D3-BF4B-00C04F79EFBC}") = "card-game-web-app", "card-game-web-app.csproj", "{D827C7C8-EB2F-484D-AC22-6A1766D7AB4A}"
EndProject
Global
	GlobalSection(SolutionConfigurationPlatforms) = preSolution
		Debug|Any CPU = Debug|Any CPU
		Release|Any CPU = Release|Any CPU
	EndGlobalSection
	GlobalSection(ProjectConfigurationPlatforms) = postSolution
		{D827C7C8-EB2F-484D-AC22-6A1766D7AB4A}.Debug|Any CPU.ActiveCfg = Debug|Any CPU
		{D827C7C8-EB2F-484D-AC22-6A1766D7AB4A}.Debug|Any CPU.Build.0 = Debug|Any CPU
		{D827C7C8-EB2F-484D-AC22-6A1766D7AB4A}.Release|Any CPU.ActiveCfg = Release|Any CPU
		{D827C7C8-EB2F-484D-AC22-6A1766D7AB4A}.Release|Any CPU.Build.0 = Release|Any CPU
	EndGlobalSection
	GlobalSection(SolutionProperties) = preSolution
		HideSolutionNode = FALSE
	EndGlobalSection
	GlobalSection(ExtensibilityGlobals) = postSolution
		SolutionGuid = {38D46D32-7537-4F8F-9E57-6E2A595EF724}
	EndGlobalSection
EndGlobal
